// !$*UTF8*$!
{
	archiveVersion = 1;
	classes = {
	};
	objectVersion = 50;
	objects = {

/* Begin PBXBuildFile section */
		EC488CD421240A6200F41DB5 /* SellLayoutController.swift in Sources */ = {isa = PBXBuildFile; fileRef = EC488CD321240A6200F41DB5 /* SellLayoutController.swift */; };
		EC488CD621240CF100F41DB5 /* ProfileLayoutController.swift in Sources */ = {isa = PBXBuildFile; fileRef = EC488CD521240CF100F41DB5 /* ProfileLayoutController.swift */; };
		EC488CD821240D1200F41DB5 /* HomeLayoutController.swift in Sources */ = {isa = PBXBuildFile; fileRef = EC488CD721240D1200F41DB5 /* HomeLayoutController.swift */; };
		EC488CDA21240D3100F41DB5 /* InboxLayoutController.swift in Sources */ = {isa = PBXBuildFile; fileRef = EC488CD921240D3100F41DB5 /* InboxLayoutController.swift */; };
		EC488CDC21240D6C00F41DB5 /* NotificationLayoutContorller.swift in Sources */ = {isa = PBXBuildFile; fileRef = EC488CDB21240D6C00F41DB5 /* NotificationLayoutContorller.swift */; };
		EC7E24162116DF61000BF102 /* AppDelegate.swift in Sources */ = {isa = PBXBuildFile; fileRef = EC7E24152116DF61000BF102 /* AppDelegate.swift */; };
		EC7E24182116DF61000BF102 /* RootLayoutController.swift in Sources */ = {isa = PBXBuildFile; fileRef = EC7E24172116DF61000BF102 /* RootLayoutController.swift */; };
		EC7E241B2116DF61000BF102 /* RootLayout.storyboard in Resources */ = {isa = PBXBuildFile; fileRef = EC7E24192116DF61000BF102 /* RootLayout.storyboard */; };
		EC7E241D2116DF63000BF102 /* Assets.xcassets in Resources */ = {isa = PBXBuildFile; fileRef = EC7E241C2116DF63000BF102 /* Assets.xcassets */; };
		EC7E24202116DF63000BF102 /* LaunchScreen.storyboard in Resources */ = {isa = PBXBuildFile; fileRef = EC7E241E2116DF63000BF102 /* LaunchScreen.storyboard */; };
		EC7E242B2116DF63000BF102 /* NodajiTests.swift in Sources */ = {isa = PBXBuildFile; fileRef = EC7E242A2116DF63000BF102 /* NodajiTests.swift */; };
/* End PBXBuildFile section */

/* Begin PBXContainerItemProxy section */
		EC7E24272116DF63000BF102 /* PBXContainerItemProxy */ = {
			isa = PBXContainerItemProxy;
			containerPortal = EC7E240A2116DF61000BF102 /* Project object */;
			proxyType = 1;
			remoteGlobalIDString = EC7E24112116DF61000BF102;
			remoteInfo = Nodaji;
		};
/* End PBXContainerItemProxy section */

/* Begin PBXFileReference section */
		EC488CD321240A6200F41DB5 /* SellLayoutController.swift */ = {isa = PBXFileReference; lastKnownFileType = sourcecode.swift; path = SellLayoutController.swift; sourceTree = "<group>"; };
		EC488CD521240CF100F41DB5 /* ProfileLayoutController.swift */ = {isa = PBXFileReference; lastKnownFileType = sourcecode.swift; path = ProfileLayoutController.swift; sourceTree = "<group>"; };
		EC488CD721240D1200F41DB5 /* HomeLayoutController.swift */ = {isa = PBXFileReference; lastKnownFileType = sourcecode.swift; path = HomeLayoutController.swift; sourceTree = "<group>"; };
		EC488CD921240D3100F41DB5 /* InboxLayoutController.swift */ = {isa = PBXFileReference; lastKnownFileType = sourcecode.swift; path = InboxLayoutController.swift; sourceTree = "<group>"; };
		EC488CDB21240D6C00F41DB5 /* NotificationLayoutContorller.swift */ = {isa = PBXFileReference; lastKnownFileType = sourcecode.swift; path = NotificationLayoutContorller.swift; sourceTree = "<group>"; };
		EC7E24122116DF61000BF102 /* Nodaji.app */ = {isa = PBXFileReference; explicitFileType = wrapper.application; includeInIndex = 0; path = Nodaji.app; sourceTree = BUILT_PRODUCTS_DIR; };
		EC7E24152116DF61000BF102 /* AppDelegate.swift */ = {isa = PBXFileReference; lastKnownFileType = sourcecode.swift; path = AppDelegate.swift; sourceTree = "<group>"; };
		EC7E24172116DF61000BF102 /* RootLayoutController.swift */ = {isa = PBXFileReference; lastKnownFileType = sourcecode.swift; path = RootLayoutController.swift; sourceTree = "<group>"; };
		EC7E241A2116DF61000BF102 /* Base */ = {isa = PBXFileReference; lastKnownFileType = file.storyboard; name = Base; path = Base.lproj/RootLayout.storyboard; sourceTree = "<group>"; };
		EC7E241C2116DF63000BF102 /* Assets.xcassets */ = {isa = PBXFileReference; lastKnownFileType = folder.assetcatalog; path = Assets.xcassets; sourceTree = "<group>"; };
		EC7E241F2116DF63000BF102 /* Base */ = {isa = PBXFileReference; lastKnownFileType = file.storyboard; name = Base; path = Base.lproj/LaunchScreen.storyboard; sourceTree = "<group>"; };
		EC7E24212116DF63000BF102 /* Info.plist */ = {isa = PBXFileReference; lastKnownFileType = text.plist.xml; path = Info.plist; sourceTree = "<group>"; };
		EC7E24262116DF63000BF102 /* NodajiTests.xctest */ = {isa = PBXFileReference; explicitFileType = wrapper.cfbundle; includeInIndex = 0; path = NodajiTests.xctest; sourceTree = BUILT_PRODUCTS_DIR; };
		EC7E242A2116DF63000BF102 /* NodajiTests.swift */ = {isa = PBXFileReference; lastKnownFileType = sourcecode.swift; path = NodajiTests.swift; sourceTree = "<group>"; };
		EC7E242C2116DF63000BF102 /* Info.plist */ = {isa = PBXFileReference; lastKnownFileType = text.plist.xml; path = Info.plist; sourceTree = "<group>"; };
		EC7E24362116EC30000BF102 /* KakaoOpenSDK.framework */ = {isa = PBXFileReference; lastKnownFileType = wrapper.framework; name = KakaoOpenSDK.framework; path = ../../la/KakaoOpenSDK.framework; sourceTree = "<group>"; };
/* End PBXFileReference section */

/* Begin PBXFrameworksBuildPhase section */
		EC7E240F2116DF61000BF102 /* Frameworks */ = {
			isa = PBXFrameworksBuildPhase;
			buildActionMask = 2147483647;
			files = (
			);
			runOnlyForDeploymentPostprocessing = 0;
		};
		EC7E24232116DF63000BF102 /* Frameworks */ = {
			isa = PBXFrameworksBuildPhase;
			buildActionMask = 2147483647;
			files = (
			);
			runOnlyForDeploymentPostprocessing = 0;
		};
/* End PBXFrameworksBuildPhase section */

/* Begin PBXGroup section */
		EC7E24092116DF61000BF102 = {
			isa = PBXGroup;
			children = (
				EC7E24142116DF61000BF102 /* Nodaji */,
				EC7E24292116DF63000BF102 /* NodajiTests */,
				EC7E24132116DF61000BF102 /* Products */,
				EC7E24352116EC30000BF102 /* Frameworks */,
			);
			sourceTree = "<group>";
		};
		EC7E24132116DF61000BF102 /* Products */ = {
			isa = PBXGroup;
			children = (
				EC7E24122116DF61000BF102 /* Nodaji.app */,
				EC7E24262116DF63000BF102 /* NodajiTests.xctest */,
			);
			name = Products;
			sourceTree = "<group>";
		};
		EC7E24142116DF61000BF102 /* Nodaji */ = {
			isa = PBXGroup;
			children = (
				EC7E243921172301000BF102 /* Application Delegate */,
				EC7E243A21172319000BF102 /* View Controllers */,
				EC7E243C21172335000BF102 /* Storyboards */,
				EC7E243E21172354000BF102 /* Resources */,
				EC7E24212116DF63000BF102 /* Info.plist */,
			);
			path = Nodaji;
			sourceTree = "<group>";
		};
		EC7E24292116DF63000BF102 /* NodajiTests */ = {
			isa = PBXGroup;
			children = (
				EC7E242A2116DF63000BF102 /* NodajiTests.swift */,
				EC7E242C2116DF63000BF102 /* Info.plist */,
			);
			path = NodajiTests;
			sourceTree = "<group>";
		};
		EC7E24352116EC30000BF102 /* Frameworks */ = {
			isa = PBXGroup;
			children = (
				EC7E24362116EC30000BF102 /* KakaoOpenSDK.framework */,
			);
			name = Frameworks;
			sourceTree = "<group>";
		};
		EC7E243921172301000BF102 /* Application Delegate */ = {
			isa = PBXGroup;
			children = (
				EC7E24152116DF61000BF102 /* AppDelegate.swift */,
			);
			path = "Application Delegate";
			sourceTree = "<group>";
		};
		EC7E243A21172319000BF102 /* View Controllers */ = {
			isa = PBXGroup;
			children = (
				EC7E24172116DF61000BF102 /* RootLayoutController.swift */,
				EC488CD321240A6200F41DB5 /* SellLayoutController.swift */,
				EC488CD521240CF100F41DB5 /* ProfileLayoutController.swift */,
				EC488CD721240D1200F41DB5 /* HomeLayoutController.swift */,
				EC488CD921240D3100F41DB5 /* InboxLayoutController.swift */,
				EC488CDB21240D6C00F41DB5 /* NotificationLayoutContorller.swift */,
			);
			path = "View Controllers";
			sourceTree = "<group>";
		};
		EC7E243C21172335000BF102 /* Storyboards */ = {
			isa = PBXGroup;
			children = (
				EC7E24192116DF61000BF102 /* RootLayout.storyboard */,
				EC7E243D21172347000BF102 /* Launch Screen */,
			);
			path = Storyboards;
			sourceTree = "<group>";
		};
		EC7E243D21172347000BF102 /* Launch Screen */ = {
			isa = PBXGroup;
			children = (
				EC7E241E2116DF63000BF102 /* LaunchScreen.storyboard */,
			);
			path = "Launch Screen";
			sourceTree = "<group>";
		};
		EC7E243E21172354000BF102 /* Resources */ = {
			isa = PBXGroup;
			children = (
				EC7E2444211723A8000BF102 /* Supporting Files */,
				EC7E24432117239F000BF102 /* Localization */,
				EC7E244021172375000BF102 /* Assets */,
			);
			path = Resources;
			sourceTree = "<group>";
		};
		EC7E244021172375000BF102 /* Assets */ = {
			isa = PBXGroup;
			children = (
				EC7E241C2116DF63000BF102 /* Assets.xcassets */,
			);
			path = Assets;
			sourceTree = "<group>";
		};
		EC7E24432117239F000BF102 /* Localization */ = {
			isa = PBXGroup;
			children = (
			);
			path = Localization;
			sourceTree = "<group>";
		};
		EC7E2444211723A8000BF102 /* Supporting Files */ = {
			isa = PBXGroup;
			children = (
			);
			path = "Supporting Files";
			sourceTree = "<group>";
		};
/* End PBXGroup section */

/* Begin PBXNativeTarget section */
		EC7E24112116DF61000BF102 /* Nodaji */ = {
			isa = PBXNativeTarget;
			buildConfigurationList = EC7E242F2116DF63000BF102 /* Build configuration list for PBXNativeTarget "Nodaji" */;
			buildPhases = (
				EC7E240E2116DF61000BF102 /* Sources */,
				EC7E240F2116DF61000BF102 /* Frameworks */,
				EC7E24102116DF61000BF102 /* Resources */,
			);
			buildRules = (
			);
			dependencies = (
			);
			name = Nodaji;
			productName = Nodaji;
			productReference = EC7E24122116DF61000BF102 /* Nodaji.app */;
			productType = "com.apple.product-type.application";
		};
		EC7E24252116DF63000BF102 /* NodajiTests */ = {
			isa = PBXNativeTarget;
			buildConfigurationList = EC7E24322116DF63000BF102 /* Build configuration list for PBXNativeTarget "NodajiTests" */;
			buildPhases = (
				EC7E24222116DF63000BF102 /* Sources */,
				EC7E24232116DF63000BF102 /* Frameworks */,
				EC7E24242116DF63000BF102 /* Resources */,
			);
			buildRules = (
			);
			dependencies = (
				EC7E24282116DF63000BF102 /* PBXTargetDependency */,
			);
			name = NodajiTests;
			productName = NodajiTests;
			productReference = EC7E24262116DF63000BF102 /* NodajiTests.xctest */;
			productType = "com.apple.product-type.bundle.unit-test";
		};
/* End PBXNativeTarget section */

/* Begin PBXProject section */
		EC7E240A2116DF61000BF102 /* Project object */ = {
			isa = PBXProject;
			attributes = {
				LastSwiftUpdateCheck = 0940;
				LastUpgradeCheck = 0940;
				ORGANIZATIONNAME = Nodaji;
				TargetAttributes = {
					EC7E24112116DF61000BF102 = {
						CreatedOnToolsVersion = 9.4.1;
					};
					EC7E24252116DF63000BF102 = {
						CreatedOnToolsVersion = 9.4.1;
						TestTargetID = EC7E24112116DF61000BF102;
					};
				};
			};
			buildConfigurationList = EC7E240D2116DF61000BF102 /* Build configuration list for PBXProject "Nodaji" */;
			compatibilityVersion = "Xcode 9.3";
			developmentRegion = en;
			hasScannedForEncodings = 0;
			knownRegions = (
				en,
				Base,
			);
			mainGroup = EC7E24092116DF61000BF102;
			productRefGroup = EC7E24132116DF61000BF102 /* Products */;
			projectDirPath = "";
			projectRoot = "";
			targets = (
				EC7E24112116DF61000BF102 /* Nodaji */,
				EC7E24252116DF63000BF102 /* NodajiTests */,
			);
		};
/* End PBXProject section */

/* Begin PBXResourcesBuildPhase section */
		EC7E24102116DF61000BF102 /* Resources */ = {
			isa = PBXResourcesBuildPhase;
			buildActionMask = 2147483647;
			files = (
				EC7E24202116DF63000BF102 /* LaunchScreen.storyboard in Resources */,
				EC7E241D2116DF63000BF102 /* Assets.xcassets in Resources */,
				EC7E241B2116DF61000BF102 /* RootLayout.storyboard in Resources */,
			);
			runOnlyForDeploymentPostprocessing = 0;
		};
		EC7E24242116DF63000BF102 /* Resources */ = {
			isa = PBXResourcesBuildPhase;
			buildActionMask = 2147483647;
			files = (
			);
			runOnlyForDeploymentPostprocessing = 0;
		};
/* End PBXResourcesBuildPhase section */

/* Begin PBXSourcesBuildPhase section */
		EC7E240E2116DF61000BF102 /* Sources */ = {
			isa = PBXSourcesBuildPhase;
			buildActionMask = 2147483647;
			files = (
				EC488CDC21240D6C00F41DB5 /* NotificationLayoutContorller.swift in Sources */,
				EC488CD421240A6200F41DB5 /* SellLayoutController.swift in Sources */,
				EC7E24182116DF61000BF102 /* RootLayoutController.swift in Sources */,
				EC7E24162116DF61000BF102 /* AppDelegate.swift in Sources */,
				EC488CD621240CF100F41DB5 /* ProfileLayoutController.swift in Sources */,
				EC488CDA21240D3100F41DB5 /* InboxLayoutController.swift in Sources */,
				EC488CD821240D1200F41DB5 /* HomeLayoutController.swift in Sources */,
			);
			runOnlyForDeploymentPostprocessing = 0;
		};
		EC7E24222116DF63000BF102 /* Sources */ = {
			isa = PBXSourcesBuildPhase;
			buildActionMask = 2147483647;
			files = (
				EC7E242B2116DF63000BF102 /* NodajiTests.swift in Sources */,
			);
			runOnlyForDeploymentPostprocessing = 0;
		};
/* End PBXSourcesBuildPhase section */

/* Begin PBXTargetDependency section */
		EC7E24282116DF63000BF102 /* PBXTargetDependency */ = {
			isa = PBXTargetDependency;
			target = EC7E24112116DF61000BF102 /* Nodaji */;
			targetProxy = EC7E24272116DF63000BF102 /* PBXContainerItemProxy */;
		};
/* End PBXTargetDependency section */

/* Begin PBXVariantGroup section */
		EC7E24192116DF61000BF102 /* RootLayout.storyboard */ = {
			isa = PBXVariantGroup;
			children = (
				EC7E241A2116DF61000BF102 /* Base */,
			);
			name = RootLayout.storyboard;
			sourceTree = "<group>";
		};
		EC7E241E2116DF63000BF102 /* LaunchScreen.storyboard */ = {
			isa = PBXVariantGroup;
			children = (
				EC7E241F2116DF63000BF102 /* Base */,
			);
			name = LaunchScreen.storyboard;
			sourceTree = "<group>";
		};
/* End PBXVariantGroup section */

/* Begin XCBuildConfiguration section */
		EC7E242D2116DF63000BF102 /* Debug */ = {
			isa = XCBuildConfiguration;
			buildSettings = {
				ALWAYS_SEARCH_USER_PATHS = NO;
				CLANG_ANALYZER_NONNULL = YES;
				CLANG_ANALYZER_NUMBER_OBJECT_CONVERSION = YES_AGGRESSIVE;
				CLANG_CXX_LANGUAGE_STANDARD = "gnu++14";
				CLANG_CXX_LIBRARY = "libc++";
				CLANG_ENABLE_MODULES = YES;
				CLANG_ENABLE_OBJC_ARC = YES;
				CLANG_ENABLE_OBJC_WEAK = YES;
				CLANG_WARN_BLOCK_CAPTURE_AUTORELEASING = YES;
				CLANG_WARN_BOOL_CONVERSION = YES;
				CLANG_WARN_COMMA = YES;
				CLANG_WARN_CONSTANT_CONVERSION = YES;
				CLANG_WARN_DEPRECATED_OBJC_IMPLEMENTATIONS = YES;
				CLANG_WARN_DIRECT_OBJC_ISA_USAGE = YES_ERROR;
				CLANG_WARN_DOCUMENTATION_COMMENTS = YES;
				CLANG_WARN_EMPTY_BODY = YES;
				CLANG_WARN_ENUM_CONVERSION = YES;
				CLANG_WARN_INFINITE_RECURSION = YES;
				CLANG_WARN_INT_CONVERSION = YES;
				CLANG_WARN_NON_LITERAL_NULL_CONVERSION = YES;
				CLANG_WARN_OBJC_IMPLICIT_RETAIN_SELF = YES;
				CLANG_WARN_OBJC_LITERAL_CONVERSION = YES;
				CLANG_WARN_OBJC_ROOT_CLASS = YES_ERROR;
				CLANG_WARN_RANGE_LOOP_ANALYSIS = YES;
				CLANG_WARN_STRICT_PROTOTYPES = YES;
				CLANG_WARN_SUSPICIOUS_MOVE = YES;
				CLANG_WARN_UNGUARDED_AVAILABILITY = YES_AGGRESSIVE;
				CLANG_WARN_UNREACHABLE_CODE = YES;
				CLANG_WARN__DUPLICATE_METHOD_MATCH = YES;
				CODE_SIGN_IDENTITY = "iPhone Developer";
				COPY_PHASE_STRIP = NO;
				DEBUG_INFORMATION_FORMAT = dwarf;
				ENABLE_STRICT_OBJC_MSGSEND = YES;
				ENABLE_TESTABILITY = YES;
				GCC_C_LANGUAGE_STANDARD = gnu11;
				GCC_DYNAMIC_NO_PIC = NO;
				GCC_NO_COMMON_BLOCKS = YES;
				GCC_OPTIMIZATION_LEVEL = 0;
				GCC_PREPROCESSOR_DEFINITIONS = (
					"DEBUG=1",
					"$(inherited)",
				);
				GCC_WARN_64_TO_32_BIT_CONVERSION = YES;
				GCC_WARN_ABOUT_RETURN_TYPE = YES_ERROR;
				GCC_WARN_UNDECLARED_SELECTOR = YES;
				GCC_WARN_UNINITIALIZED_AUTOS = YES_AGGRESSIVE;
				GCC_WARN_UNUSED_FUNCTION = YES;
				GCC_WARN_UNUSED_VARIABLE = YES;
				IPHONEOS_DEPLOYMENT_TARGET = 11.4;
				MTL_ENABLE_DEBUG_INFO = YES;
				ONLY_ACTIVE_ARCH = YES;
				SDKROOT = iphoneos;
				SWIFT_ACTIVE_COMPILATION_CONDITIONS = DEBUG;
				SWIFT_OPTIMIZATION_LEVEL = "-Onone";
			};
			name = Debug;
		};
		EC7E242E2116DF63000BF102 /* Release */ = {
			isa = XCBuildConfiguration;
			buildSettings = {
				ALWAYS_SEARCH_USER_PATHS = NO;
				CLANG_ANALYZER_NONNULL = YES;
				CLANG_ANALYZER_NUMBER_OBJECT_CONVERSION = YES_AGGRESSIVE;
				CLANG_CXX_LANGUAGE_STANDARD = "gnu++14";
				CLANG_CXX_LIBRARY = "libc++";
				CLANG_ENABLE_MODULES = YES;
				CLANG_ENABLE_OBJC_ARC = YES;
				CLANG_ENABLE_OBJC_WEAK = YES;
				CLANG_WARN_BLOCK_CAPTURE_AUTORELEASING = YES;
				CLANG_WARN_BOOL_CONVERSION = YES;
				CLANG_WARN_COMMA = YES;
				CLANG_WARN_CONSTANT_CONVERSION = YES;
				CLANG_WARN_DEPRECATED_OBJC_IMPLEMENTATIONS = YES;
				CLANG_WARN_DIRECT_OBJC_ISA_USAGE = YES_ERROR;
				CLANG_WARN_DOCUMENTATION_COMMENTS = YES;
				CLANG_WARN_EMPTY_BODY = YES;
				CLANG_WARN_ENUM_CONVERSION = YES;
				CLANG_WARN_INFINITE_RECURSION = YES;
				CLANG_WARN_INT_CONVERSION = YES;
				CLANG_WARN_NON_LITERAL_NULL_CONVERSION = YES;
				CLANG_WARN_OBJC_IMPLICIT_RETAIN_SELF = YES;
				CLANG_WARN_OBJC_LITERAL_CONVERSION = YES;
				CLANG_WARN_OBJC_ROOT_CLASS = YES_ERROR;
				CLANG_WARN_RANGE_LOOP_ANALYSIS = YES;
				CLANG_WARN_STRICT_PROTOTYPES = YES;
				CLANG_WARN_SUSPICIOUS_MOVE = YES;
				CLANG_WARN_UNGUARDED_AVAILABILITY = YES_AGGRESSIVE;
				CLANG_WARN_UNREACHABLE_CODE = YES;
				CLANG_WARN__DUPLICATE_METHOD_MATCH = YES;
				CODE_SIGN_IDENTITY = "iPhone Developer";
				COPY_PHASE_STRIP = NO;
				DEBUG_INFORMATION_FORMAT = "dwarf-with-dsym";
				ENABLE_NS_ASSERTIONS = NO;
				ENABLE_STRICT_OBJC_MSGSEND = YES;
				GCC_C_LANGUAGE_STANDARD = gnu11;
				GCC_NO_COMMON_BLOCKS = YES;
				GCC_WARN_64_TO_32_BIT_CONVERSION = YES;
				GCC_WARN_ABOUT_RETURN_TYPE = YES_ERROR;
				GCC_WARN_UNDECLARED_SELECTOR = YES;
				GCC_WARN_UNINITIALIZED_AUTOS = YES_AGGRESSIVE;
				GCC_WARN_UNUSED_FUNCTION = YES;
				GCC_WARN_UNUSED_VARIABLE = YES;
				IPHONEOS_DEPLOYMENT_TARGET = 11.4;
				MTL_ENABLE_DEBUG_INFO = NO;
				SDKROOT = iphoneos;
				SWIFT_COMPILATION_MODE = wholemodule;
				SWIFT_OPTIMIZATION_LEVEL = "-O";
				VALIDATE_PRODUCT = YES;
			};
			name = Release;
		};
		EC7E24302116DF63000BF102 /* Debug */ = {
			isa = XCBuildConfiguration;
			buildSettings = {
				ASSETCATALOG_COMPILER_APPICON_NAME = AppIcon;
				CODE_SIGN_STYLE = Automatic;
				DEVELOPMENT_TEAM = V54GW3S66H;
				INFOPLIST_FILE = Nodaji/Info.plist;
				IPHONEOS_DEPLOYMENT_TARGET = 9.0;
				LD_RUNPATH_SEARCH_PATHS = (
					"$(inherited)",
					"@executable_path/Frameworks",
				);
				PRODUCT_BUNDLE_IDENTIFIER = com.Nodaji;
				PRODUCT_NAME = "$(TARGET_NAME)";
				SWIFT_VERSION = 4.0;
				TARGETED_DEVICE_FAMILY = "1,2";
			};
			name = Debug;
		};
		EC7E24312116DF63000BF102 /* Release */ = {
			isa = XCBuildConfiguration;
			buildSettings = {
				ASSETCATALOG_COMPILER_APPICON_NAME = AppIcon;
				CODE_SIGN_STYLE = Automatic;
				DEVELOPMENT_TEAM = V54GW3S66H;
				INFOPLIST_FILE = Nodaji/Info.plist;
				IPHONEOS_DEPLOYMENT_TARGET = 9.0;
				LD_RUNPATH_SEARCH_PATHS = (
					"$(inherited)",
					"@executable_path/Frameworks",
				);
				PRODUCT_BUNDLE_IDENTIFIER = com.Nodaji;
				PRODUCT_NAME = "$(TARGET_NAME)";
				SWIFT_VERSION = 4.0;
				TARGETED_DEVICE_FAMILY = "1,2";
			};
			name = Release;
		};
		EC7E24332116DF63000BF102 /* Debug */ = {
			isa = XCBuildConfiguration;
			buildSettings = {
				ALWAYS_EMBED_SWIFT_STANDARD_LIBRARIES = YES;
				BUNDLE_LOADER = "$(TEST_HOST)";
				CODE_SIGN_STYLE = Automatic;
				DEVELOPMENT_TEAM = V54GW3S66H;
				INFOPLIST_FILE = NodajiTests/Info.plist;
				LD_RUNPATH_SEARCH_PATHS = (
					"$(inherited)",
					"@executable_path/Frameworks",
					"@loader_path/Frameworks",
				);
				PRODUCT_BUNDLE_IDENTIFIER = com.NodajiTests;
				PRODUCT_NAME = "$(TARGET_NAME)";
				SWIFT_VERSION = 4.0;
				TARGETED_DEVICE_FAMILY = "1,2";
				TEST_HOST = "$(BUILT_PRODUCTS_DIR)/Nodaji.app/Nodaji";
			};
			name = Debug;
		};
		EC7E24342116DF63000BF102 /* Release */ = {
			isa = XCBuildConfiguration;
			buildSettings = {
				ALWAYS_EMBED_SWIFT_STANDARD_LIBRARIES = YES;
				BUNDLE_LOADER = "$(TEST_HOST)";
				CODE_SIGN_STYLE = Automatic;
				DEVELOPMENT_TEAM = V54GW3S66H;
				INFOPLIST_FILE = NodajiTests/Info.plist;
				LD_RUNPATH_SEARCH_PATHS = (
					"$(inherited)",
					"@executable_path/Frameworks",
					"@loader_path/Frameworks",
				);
				PRODUCT_BUNDLE_IDENTIFIER = com.NodajiTests;
				PRODUCT_NAME = "$(TARGET_NAME)";
				SWIFT_VERSION = 4.0;
				TARGETED_DEVICE_FAMILY = "1,2";
				TEST_HOST = "$(BUILT_PRODUCTS_DIR)/Nodaji.app/Nodaji";
			};
			name = Release;
		};
/* End XCBuildConfiguration section */

/* Begin XCConfigurationList section */
		EC7E240D2116DF61000BF102 /* Build configuration list for PBXProject "Nodaji" */ = {
			isa = XCConfigurationList;
			buildConfigurations = (
				EC7E242D2116DF63000BF102 /* Debug */,
				EC7E242E2116DF63000BF102 /* Release */,
			);
			defaultConfigurationIsVisible = 0;
			defaultConfigurationName = Release;
		};
		EC7E242F2116DF63000BF102 /* Build configuration list for PBXNativeTarget "Nodaji" */ = {
			isa = XCConfigurationList;
			buildConfigurations = (
				EC7E24302116DF63000BF102 /* Debug */,
				EC7E24312116DF63000BF102 /* Release */,
			);
			defaultConfigurationIsVisible = 0;
			defaultConfigurationName = Release;
		};
		EC7E24322116DF63000BF102 /* Build configuration list for PBXNativeTarget "NodajiTests" */ = {
			isa = XCConfigurationList;
			buildConfigurations = (
				EC7E24332116DF63000BF102 /* Debug */,
				EC7E24342116DF63000BF102 /* Release */,
			);
			defaultConfigurationIsVisible = 0;
			defaultConfigurationName = Release;
		};
/* End XCConfigurationList section */
	};
	rootObject = EC7E240A2116DF61000BF102 /* Project object */;
}
